{
  "nodes": {
    "nixpkgs": {
      "locked": {
        "lastModified": 1670772952,
        "narHash": "sha256-b7V3cGtMNcQ5c6hwRqqX+eIuNUj+O3orsb64BKPR9yc=",
        "owner": "NixOS",
        "repo": "nixpkgs",
        "rev": "dfef2e61107dc19c211ead99a5a61374ad8317f4",
        "type": "github"
      },
      "original": {
        "id": "nixpkgs",
        "ref": "nixos-22.11",
        "type": "indirect"
      }
    },
    "root": {
      "inputs": {
        "nixpkgs": "nixpkgs"
      }
    }
  },
  "root": "root",
  "version": 7
}
